// !$*UTF8*$!
{
	archiveVersion = 1;
	classes = {
	};
	objectVersion = 77;
	objects = {

/* Begin PBXBuildFile section */
		100000000000000000000001 /* ClickMateApp.swift in Sources */ = {isa = PBXBuildFile; fileRef = 200000000000000000000001 /* ClickMateApp.swift */; };
		100000000000000000000002 /* ContentView.swift in Sources */ = {isa = PBXBuildFile; fileRef = 200000000000000000000002 /* ContentView.swift */; };
		100000000000000000000003 /* Views/MenusView.swift in Sources */ = {isa = PBXBuildFile; fileRef = 200000000000000000000003 /* Views/MenusView.swift */; };
		100000000000000000000004 /* Views/TemplatesView.swift in Sources */ = {isa = PBXBuildFile; fileRef = 200000000000000000000004 /* Views/TemplatesView.swift */; };
		100000000000000000000005 /* Views/AppsView.swift in Sources */ = {isa = PBXBuildFile; fileRef = 200000000000000000000005 /* Views/AppsView.swift */; };
		100000000000000000000006 /* Views/PermissionsView.swift in Sources */ = {isa = PBXBuildFile; fileRef = 200000000000000000000006 /* Views/PermissionsView.swift */; };
		100000000000000000000007 /* Support/URLRouter.swift in Sources */ = {isa = PBXBuildFile; fileRef = 200000000000000000000007 /* Support/URLRouter.swift */; };
		100000000000000000000008 /* AppConstants.swift in Sources */ = {isa = PBXBuildFile; fileRef = 200000000000000000000008 /* AppConstants.swift */; };
		100000000000000000000009 /* FileTemplate.swift in Sources */ = {isa = PBXBuildFile; fileRef = 200000000000000000000009 /* FileTemplate.swift */; };
		10000000000000000000000A /* MenuCommand.swift in Sources */ = {isa = PBXBuildFile; fileRef = 20000000000000000000000A /* MenuCommand.swift */; };
		10000000000000000000000B /* ClickMatePreferences.swift in Sources */ = {isa = PBXBuildFile; fileRef = 20000000000000000000000B /* ClickMatePreferences.swift */; };
		10000000000000000000000C /* PathFormatter.swift in Sources */ = {isa = PBXBuildFile; fileRef = 20000000000000000000000C /* PathFormatter.swift */; };
		10000000000000000000000D /* FileCreator.swift in Sources */ = {isa = PBXBuildFile; fileRef = 20000000000000000000000D /* FileCreator.swift */; };
		10000000000000000000000E /* FileHasher.swift in Sources */ = {isa = PBXBuildFile; fileRef = 20000000000000000000000E /* FileHasher.swift */; };
		10000000000000000000000F /* AppDetector.swift in Sources */ = {isa = PBXBuildFile; fileRef = 20000000000000000000000F /* AppDetector.swift */; };
		100000000000000000000010 /* FileActions.swift in Sources */ = {isa = PBXBuildFile; fileRef = 200000000000000000000010 /* FileActions.swift */; };
		100000000000000000000011 /* AppLauncher.swift in Sources */ = {isa = PBXBuildFile; fileRef = 200000000000000000000011 /* AppLauncher.swift */; };
		100000000000000000000012 /* FinderSync.swift in Sources */ = {isa = PBXBuildFile; fileRef = 200000000000000000000012 /* FinderSync.swift */; };
		100000000000000000000013 /* AppConstants.swift in Sources */ = {isa = PBXBuildFile; fileRef = 200000000000000000000008 /* AppConstants.swift */; };
		100000000000000000000014 /* FileTemplate.swift in Sources */ = {isa = PBXBuildFile; fileRef = 200000000000000000000009 /* FileTemplate.swift */; };
		100000000000000000000015 /* MenuCommand.swift in Sources */ = {isa = PBXBuildFile; fileRef = 20000000000000000000000A /* MenuCommand.swift */; };
		100000000000000000000016 /* ClickMatePreferences.swift in Sources */ = {isa = PBXBuildFile; fileRef = 20000000000000000000000B /* ClickMatePreferences.swift */; };
		100000000000000000000017 /* PathFormatter.swift in Sources */ = {isa = PBXBuildFile; fileRef = 20000000000000000000000C /* PathFormatter.swift */; };
		100000000000000000000018 /* FileCreator.swift in Sources */ = {isa = PBXBuildFile; fileRef = 20000000000000000000000D /* FileCreator.swift */; };
		100000000000000000000019 /* FileHasher.swift in Sources */ = {isa = PBXBuildFile; fileRef = 20000000000000000000000E /* FileHasher.swift */; };
		10000000000000000000001A /* AppDetector.swift in Sources */ = {isa = PBXBuildFile; fileRef = 20000000000000000000000F /* AppDetector.swift */; };
		10000000000000000000001B /* FileActions.swift in Sources */ = {isa = PBXBuildFile; fileRef = 200000000000000000000010 /* FileActions.swift */; };
		10000000000000000000001C /* AppLauncher.swift in Sources */ = {isa = PBXBuildFile; fileRef = 200000000000000000000011 /* AppLauncher.swift */; };
		10000000000000000000001D /* ClickMateCoreTests.swift in Sources */ = {isa = PBXBuildFile; fileRef = 200000000000000000000013 /* ClickMateCoreTests.swift */; };
		10000000000000000000001E /* ClickMateFinderExtension.appex in Embed App Extensions */ = {isa = PBXBuildFile; fileRef = 400000000000000000000002 /* ClickMateFinderExtension.appex */; settings = {ATTRIBUTES = (RemoveHeadersOnCopy, ); }; };
		10000000000000000000001F /* Localization.swift in Sources */ = {isa = PBXBuildFile; fileRef = 200000000000000000000018 /* Localization.swift */; };
		100000000000000000000020 /* FinderCommandToken.swift in Sources */ = {isa = PBXBuildFile; fileRef = 200000000000000000000019 /* FinderCommandToken.swift */; };
		100000000000000000000021 /* ActionNotifier.swift in Sources */ = {isa = PBXBuildFile; fileRef = 20000000000000000000001A /* ActionNotifier.swift */; };
		100000000000000000000022 /* Localization.swift in Sources */ = {isa = PBXBuildFile; fileRef = 200000000000000000000018 /* Localization.swift */; };
		100000000000000000000023 /* FinderCommandToken.swift in Sources */ = {isa = PBXBuildFile; fileRef = 200000000000000000000019 /* FinderCommandToken.swift */; };
		100000000000000000000024 /* ActionNotifier.swift in Sources */ = {isa = PBXBuildFile; fileRef = 20000000000000000000001A /* ActionNotifier.swift */; };
		100000000000000000000025 /* Localization.swift in Sources */ = {isa = PBXBuildFile; fileRef = 200000000000000000000018 /* Localization.swift */; };
		100000000000000000000026 /* FinderCommandToken.swift in Sources */ = {isa = PBXBuildFile; fileRef = 200000000000000000000019 /* FinderCommandToken.swift */; };
		100000000000000000000027 /* MenuCommand.swift in Sources */ = {isa = PBXBuildFile; fileRef = 20000000000000000000000A /* MenuCommand.swift */; };
		100000000000000000000028 /* FileTemplate.swift in Sources */ = {isa = PBXBuildFile; fileRef = 200000000000000000000009 /* FileTemplate.swift */; };
		100000000000000000000029 /* Localizable.strings in Resources */ = {isa = PBXBuildFile; fileRef = 210000000000000000000001 /* Localizable.strings */; };
		10000000000000000000002A /* Localizable.strings in Resources */ = {isa = PBXBuildFile; fileRef = 210000000000000000000004 /* Localizable.strings */; };
		10000000000000000000002C /* AppLanguage.swift in Sources */ = {isa = PBXBuildFile; fileRef = 200000000000000000000020 /* AppLanguage.swift */; };
		10000000000000000000002D /* AppLanguage.swift in Sources */ = {isa = PBXBuildFile; fileRef = 200000000000000000000020 /* AppLanguage.swift */; };
		10000000000000000000002E /* AppLanguage.swift in Sources */ = {isa = PBXBuildFile; fileRef = 200000000000000000000020 /* AppLanguage.swift */; };
		10000000000000000000002F /* InfoPlist.strings in Resources */ = {isa = PBXBuildFile; fileRef = 210000000000000000000005 /* InfoPlist.strings */; };
		100000000000000000000030 /* ClickMateIconEN.icns in Resources */ = {isa = PBXBuildFile; fileRef = 200000000000000000000023 /* ClickMateIconEN.icns */; };
		100000000000000000000031 /* ClickMateIconZH.icns in Resources */ = {isa = PBXBuildFile; fileRef = 200000000000000000000024 /* ClickMateIconZH.icns */; };
		100000000000000000000032 /* AppConstants.swift in Sources */ = {isa = PBXBuildFile; fileRef = 200000000000000000000008 /* AppConstants.swift */; };
		100000000000000000000033 /* ClickMatePreferences.swift in Sources */ = {isa = PBXBuildFile; fileRef = 20000000000000000000000B /* ClickMatePreferences.swift */; };
		100000000000000000000034 /* PathFormatter.swift in Sources */ = {isa = PBXBuildFile; fileRef = 20000000000000000000000C /* PathFormatter.swift */; };
		100000000000000000000035 /* FileCreator.swift in Sources */ = {isa = PBXBuildFile; fileRef = 20000000000000000000000D /* FileCreator.swift */; };
		100000000000000000000036 /* FileHasher.swift in Sources */ = {isa = PBXBuildFile; fileRef = 20000000000000000000000E /* FileHasher.swift */; };
		100000000000000000000037 /* AppDetector.swift in Sources */ = {isa = PBXBuildFile; fileRef = 20000000000000000000000F /* AppDetector.swift */; };
		100000000000000000000038 /* FileActions.swift in Sources */ = {isa = PBXBuildFile; fileRef = 200000000000000000000010 /* FileActions.swift */; };
		100000000000000000000039 /* AppLauncher.swift in Sources */ = {isa = PBXBuildFile; fileRef = 200000000000000000000011 /* AppLauncher.swift */; };
		10000000000000000000003A /* ActionNotifier.swift in Sources */ = {isa = PBXBuildFile; fileRef = 20000000000000000000001A /* ActionNotifier.swift */; };
		10000000000000000000003B /* PendingCommandQueue.swift in Sources */ = {isa = PBXBuildFile; fileRef = 200000000000000000000025 /* PendingCommandQueue.swift */; };
		10000000000000000000003C /* PendingCommandQueue.swift in Sources */ = {isa = PBXBuildFile; fileRef = 200000000000000000000025 /* PendingCommandQueue.swift */; };
		10000000000000000000003D /* PendingCommandQueue.swift in Sources */ = {isa = PBXBuildFile; fileRef = 200000000000000000000025 /* PendingCommandQueue.swift */; };
		10000000000000000000003E /* Views/MenuLayoutView.swift in Sources */ = {isa = PBXBuildFile; fileRef = 200000000000000000000026 /* Views/MenuLayoutView.swift */; };
		10000000000000000000003F /* UpdateChecker.swift in Sources */ = {isa = PBXBuildFile; fileRef = 200000000000000000000027 /* UpdateChecker.swift */; };
		100000000000000000000040 /* UpdateChecker.swift in Sources */ = {isa = PBXBuildFile; fileRef = 200000000000000000000027 /* UpdateChecker.swift */; };
		100000000000000000000041 /* UpdateCheckerTests.swift in Sources */ = {isa = PBXBuildFile; fileRef = 200000000000000000000028 /* UpdateCheckerTests.swift */; };
		100000000000000000000042 /* Views/QuickFeaturesView.swift in Sources */ = {isa = PBXBuildFile; fileRef = 200000000000000000000029 /* Views/QuickFeaturesView.swift */; };
		100000000000000000000043 /* Views/ScreenshotSelectionView.swift in Sources */ = {isa = PBXBuildFile; fileRef = 20000000000000000000002A /* Views/ScreenshotSelectionView.swift */; };
		100000000000000000000044 /* Services/ScreenshotAnnotations.swift in Sources */ = {isa = PBXBuildFile; fileRef = 200000000000000000000035 /* Services/ScreenshotAnnotations.swift */; };
		100000000000000000000045 /* Services/QuickFeaturePermissions.swift in Sources */ = {isa = PBXBuildFile; fileRef = 20000000000000000000002C /* Services/QuickFeaturePermissions.swift */; };
		100000000000000000000046 /* Services/FinderCutController.swift in Sources */ = {isa = PBXBuildFile; fileRef = 20000000000000000000002D /* Services/FinderCutController.swift */; };
		100000000000000000000047 /* Services/GlobalHotKeyRegistrar.swift in Sources */ = {isa = PBXBuildFile; fileRef = 20000000000000000000002E /* Services/GlobalHotKeyRegistrar.swift */; };
		100000000000000000000048 /* Services/QuickFeatureCoordinator.swift in Sources */ = {isa = PBXBuildFile; fileRef = 20000000000000000000002F /* Services/QuickFeatureCoordinator.swift */; };
		100000000000000000000049 /* Services/ScreenshotService.swift in Sources */ = {isa = PBXBuildFile; fileRef = 200000000000000000000030 /* Services/ScreenshotService.swift */; };
		10000000000000000000004A /* Support/HUDPresenter.swift in Sources */ = {isa = PBXBuildFile; fileRef = 200000000000000000000031 /* Support/HUDPresenter.swift */; };
		10000000000000000000004B /* QuickFeatures.swift in Sources */ = {isa = PBXBuildFile; fileRef = 200000000000000000000032 /* QuickFeatures.swift */; };
		10000000000000000000004C /* QuickFeatures.swift in Sources */ = {isa = PBXBuildFile; fileRef = 200000000000000000000032 /* QuickFeatures.swift */; };
		10000000000000000000004D /* QuickFeatures.swift in Sources */ = {isa = PBXBuildFile; fileRef = 200000000000000000000032 /* QuickFeatures.swift */; };
		10000000000000000000004E /* QuickFeaturesTests.swift in Sources */ = {isa = PBXBuildFile; fileRef = 200000000000000000000033 /* QuickFeaturesTests.swift */; };
		10000000000000000000004F /* ScreenshotTests.swift in Sources */ = {isa = PBXBuildFile; fileRef = 200000000000000000000034 /* ScreenshotTests.swift */; };
		100000000000000000000050 /* Services/ScreenshotAnnotations.swift in Sources */ = {isa = PBXBuildFile; fileRef = 200000000000000000000035 /* Services/ScreenshotAnnotations.swift */; };
		100000000000000000000051 /* Views/ScreenshotSelectionView.swift in Sources */ = {isa = PBXBuildFile; fileRef = 20000000000000000000002A /* Views/ScreenshotSelectionView.swift */; };
		100000000000000000000052 /* Services/ScreenshotService.swift in Sources */ = {isa = PBXBuildFile; fileRef = 200000000000000000000030 /* Services/ScreenshotService.swift */; };
		100000000000000000000053 /* Services/QuickFeaturePermissions.swift in Sources */ = {isa = PBXBuildFile; fileRef = 20000000000000000000002C /* Services/QuickFeaturePermissions.swift */; };
		100000000000000000000054 /* QuickFeaturePermissionsTests.swift in Sources */ = {isa = PBXBuildFile; fileRef = 200000000000000000000036 /* QuickFeaturePermissionsTests.swift */; };
/* End PBXBuildFile section */

/* Begin PBXContainerItemProxy section */
		110000000000000000000001 /* PBXContainerItemProxy */ = {
			isa = PBXContainerItemProxy;
			containerPortal = 500000000000000000000001 /* Project object */;
			proxyType = 1;
			remoteGlobalIDString = 600000000000000000000001;
			remoteInfo = ClickMate;
		};
		110000000000000000000002 /* PBXContainerItemProxy */ = {
			isa = PBXContainerItemProxy;
			containerPortal = 500000000000000000000001 /* Project object */;
			proxyType = 1;
			remoteGlobalIDString = 600000000000000000000002;
			remoteInfo = ClickMateFinderExtension;
		};
/* End PBXContainerItemProxy section */

/* Begin PBXCopyFilesBuildPhase section */
		120000000000000000000001 /* Embed App Extensions */ = {
			isa = PBXCopyFilesBuildPhase;
			buildActionMask = 2147483647;
			dstPath = "";
			dstSubfolderSpec = 13;
			files = (
				10000000000000000000001E /* ClickMateFinderExtension.appex in Embed App Extensions */,
			);
			name = "Embed App Extensions";
			runOnlyForDeploymentPostprocessing = 0;
		};
/* End PBXCopyFilesBuildPhase section */

/* Begin PBXFileReference section */
		200000000000000000000001 /* ClickMateApp.swift */ = {isa = PBXFileReference; lastKnownFileType = sourcecode.swift; path = ClickMateApp.swift; sourceTree = "<group>"; };
		200000000000000000000002 /* ContentView.swift */ = {isa = PBXFileReference; lastKnownFileType = sourcecode.swift; path = ContentView.swift; sourceTree = "<group>"; };
		200000000000000000000003 /* Views/MenusView.swift */ = {isa = PBXFileReference; lastKnownFileType = sourcecode.swift; path = Views/MenusView.swift; sourceTree = "<group>"; };
		200000000000000000000004 /* Views/TemplatesView.swift */ = {isa = PBXFileReference; lastKnownFileType = sourcecode.swift; path = Views/TemplatesView.swift; sourceTree = "<group>"; };
		200000000000000000000005 /* Views/AppsView.swift */ = {isa = PBXFileReference; lastKnownFileType = sourcecode.swift; path = Views/AppsView.swift; sourceTree = "<group>"; };
		200000000000000000000006 /* Views/PermissionsView.swift */ = {isa = PBXFileReference; lastKnownFileType = sourcecode.swift; path = Views/PermissionsView.swift; sourceTree = "<group>"; };
		200000000000000000000007 /* Support/URLRouter.swift */ = {isa = PBXFileReference; lastKnownFileType = sourcecode.swift; path = Support/URLRouter.swift; sourceTree = "<group>"; };
		200000000000000000000008 /* AppConstants.swift */ = {isa = PBXFileReference; lastKnownFileType = sourcecode.swift; path = AppConstants.swift; sourceTree = "<group>"; };
		200000000000000000000009 /* FileTemplate.swift */ = {isa = PBXFileReference; lastKnownFileType = sourcecode.swift; path = FileTemplate.swift; sourceTree = "<group>"; };
		20000000000000000000000A /* MenuCommand.swift */ = {isa = PBXFileReference; lastKnownFileType = sourcecode.swift; path = MenuCommand.swift; sourceTree = "<group>"; };
		20000000000000000000000B /* ClickMatePreferences.swift */ = {isa = PBXFileReference; lastKnownFileType = sourcecode.swift; path = ClickMatePreferences.swift; sourceTree = "<group>"; };
		20000000000000000000000C /* PathFormatter.swift */ = {isa = PBXFileReference; lastKnownFileType = sourcecode.swift; path = PathFormatter.swift; sourceTree = "<group>"; };
		20000000000000000000000D /* FileCreator.swift */ = {isa = PBXFileReference; lastKnownFileType = sourcecode.swift; path = FileCreator.swift; sourceTree = "<group>"; };
		20000000000000000000000E /* FileHasher.swift */ = {isa = PBXFileReference; lastKnownFileType = sourcecode.swift; path = FileHasher.swift; sourceTree = "<group>"; };
		20000000000000000000000F /* AppDetector.swift */ = {isa = PBXFileReference; lastKnownFileType = sourcecode.swift; path = AppDetector.swift; sourceTree = "<group>"; };
		200000000000000000000010 /* FileActions.swift */ = {isa = PBXFileReference; lastKnownFileType = sourcecode.swift; path = FileActions.swift; sourceTree = "<group>"; };
		200000000000000000000011 /* AppLauncher.swift */ = {isa = PBXFileReference; lastKnownFileType = sourcecode.swift; path = AppLauncher.swift; sourceTree = "<group>"; };
		200000000000000000000012 /* FinderSync.swift */ = {isa = PBXFileReference; lastKnownFileType = sourcecode.swift; path = FinderSync.swift; sourceTree = "<group>"; };
		200000000000000000000013 /* ClickMateCoreTests.swift */ = {isa = PBXFileReference; lastKnownFileType = sourcecode.swift; path = ClickMateCoreTests.swift; sourceTree = "<group>"; };
		200000000000000000000014 /* Info.plist */ = {isa = PBXFileReference; lastKnownFileType = text.plist.xml; path = Info.plist; sourceTree = "<group>"; };
		200000000000000000000015 /* ClickMate.entitlements */ = {isa = PBXFileReference; lastKnownFileType = text.plist.entitlements; path = ClickMate.entitlements; sourceTree = "<group>"; };
		200000000000000000000016 /* Info.plist */ = {isa = PBXFileReference; lastKnownFileType = text.plist.xml; path = Info.plist; sourceTree = "<group>"; };
		200000000000000000000017 /* ClickMateFinderExtension.entitlements */ = {isa = PBXFileReference; lastKnownFileType = text.plist.entitlements; path = ClickMateFinderExtension.entitlements; sourceTree = "<group>"; };
		200000000000000000000018 /* Localization.swift */ = {isa = PBXFileReference; lastKnownFileType = sourcecode.swift; path = Localization.swift; sourceTree = "<group>"; };
		200000000000000000000019 /* FinderCommandToken.swift */ = {isa = PBXFileReference; lastKnownFileType = sourcecode.swift; path = FinderCommandToken.swift; sourceTree = "<group>"; };
		20000000000000000000001A /* ActionNotifier.swift */ = {isa = PBXFileReference; lastKnownFileType = sourcecode.swift; path = ActionNotifier.swift; sourceTree = "<group>"; };
		20000000000000000000001B /* en */ = {isa = PBXFileReference; lastKnownFileType = text.plist.strings; name = en; path = en.lproj/Localizable.strings; sourceTree = "<group>"; };
		20000000000000000000001C /* zh-Hans */ = {isa = PBXFileReference; lastKnownFileType = text.plist.strings; name = "zh-Hans"; path = "zh-Hans.lproj/Localizable.strings"; sourceTree = "<group>"; };
		20000000000000000000001D /* en */ = {isa = PBXFileReference; lastKnownFileType = text.plist.strings; name = en; path = en.lproj/Localizable.strings; sourceTree = "<group>"; };
		20000000000000000000001E /* zh-Hans */ = {isa = PBXFileReference; lastKnownFileType = text.plist.strings; name = "zh-Hans"; path = "zh-Hans.lproj/Localizable.strings"; sourceTree = "<group>"; };
		20000000000000000000001F /* Assets.xcassets */ = {isa = PBXFileReference; lastKnownFileType = folder.assetcatalog; path = Assets.xcassets; sourceTree = "<group>"; };
		200000000000000000000020 /* AppLanguage.swift */ = {isa = PBXFileReference; lastKnownFileType = sourcecode.swift; path = AppLanguage.swift; sourceTree = "<group>"; };
		200000000000000000000021 /* en */ = {isa = PBXFileReference; lastKnownFileType = text.plist.strings; name = en; path = en.lproj/InfoPlist.strings; sourceTree = "<group>"; };
		200000000000000000000022 /* zh-Hans */ = {isa = PBXFileReference; lastKnownFileType = text.plist.strings; name = "zh-Hans"; path = "zh-Hans.lproj/InfoPlist.strings"; sourceTree = "<group>"; };
		200000000000000000000023 /* ClickMateIconEN.icns */ = {isa = PBXFileReference; lastKnownFileType = image.icns; path = ClickMateIconEN.icns; sourceTree = "<group>"; };
		200000000000000000000024 /* ClickMateIconZH.icns */ = {isa = PBXFileReference; lastKnownFileType = image.icns; path = ClickMateIconZH.icns; sourceTree = "<group>"; };
		200000000000000000000025 /* PendingCommandQueue.swift */ = {isa = PBXFileReference; lastKnownFileType = sourcecode.swift; path = PendingCommandQueue.swift; sourceTree = "<group>"; };
		200000000000000000000026 /* Views/MenuLayoutView.swift */ = {isa = PBXFileReference; lastKnownFileType = sourcecode.swift; path = Views/MenuLayoutView.swift; sourceTree = "<group>"; };
		200000000000000000000027 /* UpdateChecker.swift */ = {isa = PBXFileReference; lastKnownFileType = sourcecode.swift; path = UpdateChecker.swift; sourceTree = "<group>"; };
		200000000000000000000028 /* UpdateCheckerTests.swift */ = {isa = PBXFileReference; lastKnownFileType = sourcecode.swift; path = UpdateCheckerTests.swift; sourceTree = "<group>"; };
		200000000000000000000029 /* Views/QuickFeaturesView.swift */ = {isa = PBXFileReference; lastKnownFileType = sourcecode.swift; path = Views/QuickFeaturesView.swift; sourceTree = "<group>"; };
		20000000000000000000002A /* Views/ScreenshotSelectionView.swift */ = {isa = PBXFileReference; lastKnownFileType = sourcecode.swift; path = Views/ScreenshotSelectionView.swift; sourceTree = "<group>"; };
		200000000000000000000035 /* Services/ScreenshotAnnotations.swift */ = {isa = PBXFileReference; lastKnownFileType = sourcecode.swift; path = Services/ScreenshotAnnotations.swift; sourceTree = "<group>"; };
		20000000000000000000002C /* Services/QuickFeaturePermissions.swift */ = {isa = PBXFileReference; lastKnownFileType = sourcecode.swift; path = Services/QuickFeaturePermissions.swift; sourceTree = "<group>"; };
		20000000000000000000002D /* Services/FinderCutController.swift */ = {isa = PBXFileReference; lastKnownFileType = sourcecode.swift; path = Services/FinderCutController.swift; sourceTree = "<group>"; };
		20000000000000000000002E /* Services/GlobalHotKeyRegistrar.swift */ = {isa = PBXFileReference; lastKnownFileType = sourcecode.swift; path = Services/GlobalHotKeyRegistrar.swift; sourceTree = "<group>"; };
		20000000000000000000002F /* Services/QuickFeatureCoordinator.swift */ = {isa = PBXFileReference; lastKnownFileType = sourcecode.swift; path = Services/QuickFeatureCoordinator.swift; sourceTree = "<group>"; };
		200000000000000000000030 /* Services/ScreenshotService.swift */ = {isa = PBXFileReference; lastKnownFileType = sourcecode.swift; path = Services/ScreenshotService.swift; sourceTree = "<group>"; };
		200000000000000000000031 /* Support/HUDPresenter.swift */ = {isa = PBXFileReference; lastKnownFileType = sourcecode.swift; path = Support/HUDPresenter.swift; sourceTree = "<group>"; };
		200000000000000000000032 /* QuickFeatures.swift */ = {isa = PBXFileReference; lastKnownFileType = sourcecode.swift; path = QuickFeatures.swift; sourceTree = "<group>"; };
		200000000000000000000033 /* QuickFeaturesTests.swift */ = {isa = PBXFileReference; lastKnownFileType = sourcecode.swift; path = QuickFeaturesTests.swift; sourceTree = "<group>"; };
		200000000000000000000034 /* ScreenshotTests.swift */ = {isa = PBXFileReference; lastKnownFileType = sourcecode.swift; path = ScreenshotTests.swift; sourceTree = "<group>"; };
		200000000000000000000036 /* QuickFeaturePermissionsTests.swift */ = {isa = PBXFileReference; lastKnownFileType = sourcecode.swift; path = QuickFeaturePermissionsTests.swift; sourceTree = "<group>"; };
		400000000000000000000001 /* ClickMate.app */ = {isa = PBXFileReference; explicitFileType = wrapper.application; includeInIndex = 0; path = ClickMate.app; sourceTree = BUILT_PRODUCTS_DIR; };
		400000000000000000000002 /* ClickMateFinderExtension.appex */ = {isa = PBXFileReference; explicitFileType = "wrapper.app-extension"; includeInIndex = 0; path = ClickMateFinderExtension.appex; sourceTree = BUILT_PRODUCTS_DIR; };
		400000000000000000000003 /* ClickMateCoreTests.xctest */ = {isa = PBXFileReference; explicitFileType = wrapper.cfbundle; includeInIndex = 0; path = ClickMateCoreTests.xctest; sourceTree = BUILT_PRODUCTS_DIR; };
/* End PBXFileReference section */

/* Begin PBXFrameworksBuildPhase section */
		130000000000000000000001 /* Frameworks */ = {
			isa = PBXFrameworksBuildPhase;
			buildActionMask = 2147483647;
			files = (
			);
			runOnlyForDeploymentPostprocessing = 0;
		};
		130000000000000000000002 /* Frameworks */ = {
			isa = PBXFrameworksBuildPhase;
			buildActionMask = 2147483647;
			files = (
			);
			runOnlyForDeploymentPostprocessing = 0;
		};
		130000000000000000000003 /* Frameworks */ = {
			isa = PBXFrameworksBuildPhase;
			buildActionMask = 2147483647;
			files = (
			);
			runOnlyForDeploymentPostprocessing = 0;
		};
/* End PBXFrameworksBuildPhase section */

/* Begin PBXGroup section */
		300000000000000000000001 = {
			isa = PBXGroup;
			children = (
				300000000000000000000002 /* ClickMate */,
				300000000000000000000003 /* ClickMateFinderExtension */,
				300000000000000000000004 /* Shared/ClickMateCore */,
				300000000000000000000005 /* Tests/ClickMateCoreTests */,
				300000000000000000000006 /* Products */,
			);
			sourceTree = "<group>";
		};
		300000000000000000000002 /* ClickMate */ = {
			isa = PBXGroup;
			children = (
				200000000000000000000001 /* ClickMateApp.swift */,
				200000000000000000000002 /* ContentView.swift */,
				200000000000000000000003 /* Views/MenusView.swift */,
				200000000000000000000026 /* Views/MenuLayoutView.swift */,
				200000000000000000000004 /* Views/TemplatesView.swift */,
				200000000000000000000005 /* Views/AppsView.swift */,
				200000000000000000000006 /* Views/PermissionsView.swift */,
				200000000000000000000029 /* Views/QuickFeaturesView.swift */,
				20000000000000000000002A /* Views/ScreenshotSelectionView.swift */,
				200000000000000000000035 /* Services/ScreenshotAnnotations.swift */,
				20000000000000000000002C /* Services/QuickFeaturePermissions.swift */,
				20000000000000000000002D /* Services/FinderCutController.swift */,
				20000000000000000000002E /* Services/GlobalHotKeyRegistrar.swift */,
				20000000000000000000002F /* Services/QuickFeatureCoordinator.swift */,
				200000000000000000000030 /* Services/ScreenshotService.swift */,
				200000000000000000000007 /* Support/URLRouter.swift */,
				200000000000000000000031 /* Support/HUDPresenter.swift */,
				200000000000000000000014 /* Info.plist */,
				200000000000000000000015 /* ClickMate.entitlements */,
				20000000000000000000001F /* Assets.xcassets */,
				200000000000000000000023 /* ClickMateIconEN.icns */,
				200000000000000000000024 /* ClickMateIconZH.icns */,
				210000000000000000000001 /* Localizable.strings */,
				210000000000000000000005 /* InfoPlist.strings */,
			);
			path = ClickMate;
			sourceTree = "<group>";
		};
		300000000000000000000003 /* ClickMateFinderExtension */ = {
			isa = PBXGroup;
			children = (
				200000000000000000000012 /* FinderSync.swift */,
				200000000000000000000016 /* Info.plist */,
				200000000000000000000017 /* ClickMateFinderExtension.entitlements */,
				210000000000000000000004 /* Localizable.strings */,
			);
			path = ClickMateFinderExtension;
			sourceTree = "<group>";
		};
		300000000000000000000004 /* Shared/ClickMateCore */ = {
			isa = PBXGroup;
			children = (
				200000000000000000000008 /* AppConstants.swift */,
				200000000000000000000027 /* UpdateChecker.swift */,
				200000000000000000000020 /* AppLanguage.swift */,
				200000000000000000000009 /* FileTemplate.swift */,
				20000000000000000000000A /* MenuCommand.swift */,
				20000000000000000000000B /* ClickMatePreferences.swift */,
				200000000000000000000032 /* QuickFeatures.swift */,
				20000000000000000000000C /* PathFormatter.swift */,
				20000000000000000000000D /* FileCreator.swift */,
				20000000000000000000000E /* FileHasher.swift */,
				20000000000000000000000F /* AppDetector.swift */,
				200000000000000000000010 /* FileActions.swift */,
				200000000000000000000011 /* AppLauncher.swift */,
				200000000000000000000018 /* Localization.swift */,
				200000000000000000000019 /* FinderCommandToken.swift */,
				20000000000000000000001A /* ActionNotifier.swift */,
				200000000000000000000025 /* PendingCommandQueue.swift */,
			);
			path = Shared/ClickMateCore;
			sourceTree = "<group>";
		};
		300000000000000000000005 /* Tests/ClickMateCoreTests */ = {
			isa = PBXGroup;
			children = (
				200000000000000000000013 /* ClickMateCoreTests.swift */,
				200000000000000000000028 /* UpdateCheckerTests.swift */,
				200000000000000000000033 /* QuickFeaturesTests.swift */,
				200000000000000000000034 /* ScreenshotTests.swift */,
				200000000000000000000036 /* QuickFeaturePermissionsTests.swift */,
			);
			path = Tests/ClickMateCoreTests;
			sourceTree = "<group>";
		};
		300000000000000000000006 /* Products */ = {
			isa = PBXGroup;
			children = (
				400000000000000000000001 /* ClickMate.app */,
				400000000000000000000002 /* ClickMateFinderExtension.appex */,
				400000000000000000000003 /* ClickMateCoreTests.xctest */,
			);
			name = Products;
			sourceTree = "<group>";
		};
/* End PBXGroup section */

/* Begin PBXNativeTarget section */
		600000000000000000000001 /* ClickMate */ = {
			isa = PBXNativeTarget;
			buildConfigurationList = 700000000000000000000001 /* Build configuration list for PBXNativeTarget "ClickMate" */;
			buildPhases = (
				140000000000000000000001 /* Sources */,
				130000000000000000000001 /* Frameworks */,
				160000000000000000000001 /* Resources */,
				120000000000000000000001 /* Embed App Extensions */,
			);
			buildRules = (
			);
			dependencies = (
				150000000000000000000001 /* PBXTargetDependency */,
			);
			name = ClickMate;
			productName = ClickMate;
			productReference = 400000000000000000000001 /* ClickMate.app */;
			productType = "com.apple.product-type.application";
		};
		600000000000000000000002 /* ClickMateFinderExtension */ = {
			isa = PBXNativeTarget;
			buildConfigurationList = 700000000000000000000002 /* Build configuration list for PBXNativeTarget "ClickMateFinderExtension" */;
			buildPhases = (
				140000000000000000000002 /* Sources */,
				130000000000000000000002 /* Frameworks */,
				160000000000000000000002 /* Resources */,
			);
			buildRules = (
			);
			dependencies = (
			);
			name = ClickMateFinderExtension;
			productName = ClickMateFinderExtension;
			productReference = 400000000000000000000002 /* ClickMateFinderExtension.appex */;
			productType = "com.apple.product-type.app-extension";
		};
		600000000000000000000003 /* ClickMateCoreTests */ = {
			isa = PBXNativeTarget;
			buildConfigurationList = 700000000000000000000003 /* Build configuration list for PBXNativeTarget "ClickMateCoreTests" */;
			buildPhases = (
				140000000000000000000003 /* Sources */,
				130000000000000000000003 /* Frameworks */,
			);
			buildRules = (
			);
			dependencies = (
				150000000000000000000002 /* PBXTargetDependency */,
			);
			name = ClickMateCoreTests;
			productName = ClickMateCoreTests;
			productReference = 400000000000000000000003 /* ClickMateCoreTests.xctest */;
			productType = "com.apple.product-type.bundle.unit-test";
		};
/* End PBXNativeTarget section */

/* Begin PBXProject section */
		500000000000000000000001 /* Project object */ = {
			isa = PBXProject;
			attributes = {
				BuildIndependentTargetsInParallel = 1;
				LastSwiftUpdateCheck = 2660;
				LastUpgradeCheck = 2660;
				TargetAttributes = {
					600000000000000000000001 = {
						CreatedOnToolsVersion = 26.6;
					};
					600000000000000000000002 = {
						CreatedOnToolsVersion = 26.6;
					};
					600000000000000000000003 = {
						CreatedOnToolsVersion = 26.6;
						TestTargetID = 600000000000000000000001;
					};
				};
			};
			buildConfigurationList = 700000000000000000000004 /* Build configuration list for PBXProject "ClickMate" */;
			developmentRegion = en;
			hasScannedForEncodings = 0;
			knownRegions = (
				en,
				Base,
				"zh-Hans",
			);
			mainGroup = 300000000000000000000001;
			minimizedProjectReferenceProxies = 1;
			preferredProjectObjectVersion = 77;
			productRefGroup = 300000000000000000000006 /* Products */;
			projectDirPath = "";
			projectRoot = "";
			targets = (
				600000000000000000000001 /* ClickMate */,
				600000000000000000000002 /* ClickMateFinderExtension */,
				600000000000000000000003 /* ClickMateCoreTests */,
			);
		};
/* End PBXProject section */

/* Begin PBXResourcesBuildPhase section */
		160000000000000000000001 /* Resources */ = {
			isa = PBXResourcesBuildPhase;
			buildActionMask = 2147483647;
			files = (
				100000000000000000000029 /* Localizable.strings in Resources */,
				10000000000000000000002F /* InfoPlist.strings in Resources */,
				100000000000000000000030 /* ClickMateIconEN.icns in Resources */,
				100000000000000000000031 /* ClickMateIconZH.icns in Resources */,
			);
			runOnlyForDeploymentPostprocessing = 0;
		};
		160000000000000000000002 /* Resources */ = {
			isa = PBXResourcesBuildPhase;
			buildActionMask = 2147483647;
			files = (
				10000000000000000000002A /* Localizable.strings in Resources */,
			);
			runOnlyForDeploymentPostprocessing = 0;
		};
/* End PBXResourcesBuildPhase section */

/* Begin PBXSourcesBuildPhase section */
		140000000000000000000001 /* Sources */ = {
			isa = PBXSourcesBuildPhase;
			buildActionMask = 2147483647;
			files = (
				100000000000000000000001 /* ClickMateApp.swift in Sources */,
				100000000000000000000002 /* ContentView.swift in Sources */,
				10000000000000000000003F /* UpdateChecker.swift in Sources */,
				100000000000000000000003 /* Views/MenusView.swift in Sources */,
				10000000000000000000003E /* Views/MenuLayoutView.swift in Sources */,
				100000000000000000000004 /* Views/TemplatesView.swift in Sources */,
				100000000000000000000005 /* Views/AppsView.swift in Sources */,
				100000000000000000000006 /* Views/PermissionsView.swift in Sources */,
				100000000000000000000042 /* Views/QuickFeaturesView.swift in Sources */,
				100000000000000000000043 /* Views/ScreenshotSelectionView.swift in Sources */,
				100000000000000000000044 /* Services/ScreenshotAnnotations.swift in Sources */,
				100000000000000000000045 /* Services/QuickFeaturePermissions.swift in Sources */,
				100000000000000000000046 /* Services/FinderCutController.swift in Sources */,
				100000000000000000000047 /* Services/GlobalHotKeyRegistrar.swift in Sources */,
				100000000000000000000048 /* Services/QuickFeatureCoordinator.swift in Sources */,
				100000000000000000000049 /* Services/ScreenshotService.swift in Sources */,
				100000000000000000000007 /* Support/URLRouter.swift in Sources */,
				10000000000000000000004A /* Support/HUDPresenter.swift in Sources */,
				100000000000000000000008 /* AppConstants.swift in Sources */,
				10000000000000000000002C /* AppLanguage.swift in Sources */,
				100000000000000000000009 /* FileTemplate.swift in Sources */,
				10000000000000000000000A /* MenuCommand.swift in Sources */,
				10000000000000000000000B /* ClickMatePreferences.swift in Sources */,
				10000000000000000000004B /* QuickFeatures.swift in Sources */,
				10000000000000000000000C /* PathFormatter.swift in Sources */,
				10000000000000000000000D /* FileCreator.swift in Sources */,
				10000000000000000000000E /* FileHasher.swift in Sources */,
				10000000000000000000000F /* AppDetector.swift in Sources */,
				100000000000000000000010 /* FileActions.swift in Sources */,
				100000000000000000000011 /* AppLauncher.swift in Sources */,
				10000000000000000000001F /* Localization.swift in Sources */,
				100000000000000000000020 /* FinderCommandToken.swift in Sources */,
				100000000000000000000021 /* ActionNotifier.swift in Sources */,
				10000000000000000000003B /* PendingCommandQueue.swift in Sources */,
			);
			runOnlyForDeploymentPostprocessing = 0;
		};
		140000000000000000000002 /* Sources */ = {
			isa = PBXSourcesBuildPhase;
			buildActionMask = 2147483647;
			files = (
				100000000000000000000012 /* FinderSync.swift in Sources */,
				100000000000000000000013 /* AppConstants.swift in Sources */,
				10000000000000000000002D /* AppLanguage.swift in Sources */,
				100000000000000000000014 /* FileTemplate.swift in Sources */,
				100000000000000000000015 /* MenuCommand.swift in Sources */,
				100000000000000000000016 /* ClickMatePreferences.swift in Sources */,
				10000000000000000000004C /* QuickFeatures.swift in Sources */,
				100000000000000000000017 /* PathFormatter.swift in Sources */,
				100000000000000000000018 /* FileCreator.swift in Sources */,
				100000000000000000000019 /* FileHasher.swift in Sources */,
				10000000000000000000001A /* AppDetector.swift in Sources */,
				10000000000000000000001B /* FileActions.swift in Sources */,
				10000000000000000000001C /* AppLauncher.swift in Sources */,
				100000000000000000000022 /* Localization.swift in Sources */,
				100000000000000000000023 /* FinderCommandToken.swift in Sources */,
				100000000000000000000024 /* ActionNotifier.swift in Sources */,
				10000000000000000000003C /* PendingCommandQueue.swift in Sources */,
			);
			runOnlyForDeploymentPostprocessing = 0;
		};
		140000000000000000000003 /* Sources */ = {
			isa = PBXSourcesBuildPhase;
			buildActionMask = 2147483647;
			files = (
				10000000000000000000001D /* ClickMateCoreTests.swift in Sources */,
				100000000000000000000041 /* UpdateCheckerTests.swift in Sources */,
				10000000000000000000004E /* QuickFeaturesTests.swift in Sources */,
				10000000000000000000004F /* ScreenshotTests.swift in Sources */,
				100000000000000000000050 /* Services/ScreenshotAnnotations.swift in Sources */,
				100000000000000000000051 /* Views/ScreenshotSelectionView.swift in Sources */,
				100000000000000000000052 /* Services/ScreenshotService.swift in Sources */,
				100000000000000000000053 /* Services/QuickFeaturePermissions.swift in Sources */,
				100000000000000000000054 /* QuickFeaturePermissionsTests.swift in Sources */,
				100000000000000000000040 /* UpdateChecker.swift in Sources */,
				100000000000000000000032 /* AppConstants.swift in Sources */,
				10000000000000000000002E /* AppLanguage.swift in Sources */,
				100000000000000000000033 /* ClickMatePreferences.swift in Sources */,
				10000000000000000000004D /* QuickFeatures.swift in Sources */,
				100000000000000000000034 /* PathFormatter.swift in Sources */,
				100000000000000000000035 /* FileCreator.swift in Sources */,
				100000000000000000000036 /* FileHasher.swift in Sources */,
				100000000000000000000037 /* AppDetector.swift in Sources */,
				100000000000000000000038 /* FileActions.swift in Sources */,
				100000000000000000000039 /* AppLauncher.swift in Sources */,
				100000000000000000000025 /* Localization.swift in Sources */,
				100000000000000000000026 /* FinderCommandToken.swift in Sources */,
				100000000000000000000027 /* MenuCommand.swift in Sources */,
				100000000000000000000028 /* FileTemplate.swift in Sources */,
				10000000000000000000003A /* ActionNotifier.swift in Sources */,
				10000000000000000000003D /* PendingCommandQueue.swift in Sources */,
			);
			runOnlyForDeploymentPostprocessing = 0;
		};
/* End PBXSourcesBuildPhase section */

/* Begin PBXTargetDependency section */
		150000000000000000000001 /* PBXTargetDependency */ = {
			isa = PBXTargetDependency;
			target = 600000000000000000000002 /* ClickMateFinderExtension */;
			targetProxy = 110000000000000000000002 /* PBXContainerItemProxy */;
		};
		150000000000000000000002 /* PBXTargetDependency */ = {
			isa = PBXTargetDependency;
			target = 600000000000000000000001 /* ClickMate */;
			targetProxy = 110000000000000000000001 /* PBXContainerItemProxy */;
		};
/* End PBXTargetDependency section */

/* Begin PBXVariantGroup section */
		210000000000000000000001 /* Localizable.strings */ = {
			isa = PBXVariantGroup;
			children = (
				20000000000000000000001B /* en */,
				20000000000000000000001C /* zh-Hans */,
			);
			name = Localizable.strings;
			sourceTree = "<group>";
		};
		210000000000000000000004 /* Localizable.strings */ = {
			isa = PBXVariantGroup;
			children = (
				20000000000000000000001D /* en */,
				20000000000000000000001E /* zh-Hans */,
			);
			name = Localizable.strings;
			sourceTree = "<group>";
		};
		210000000000000000000005 /* InfoPlist.strings */ = {
			isa = PBXVariantGroup;
			children = (
				200000000000000000000021 /* en */,
				200000000000000000000022 /* zh-Hans */,
			);
			name = InfoPlist.strings;
			sourceTree = "<group>";
		};
/* End PBXVariantGroup section */

/* Begin XCBuildConfiguration section */
		800000000000000000000001 /* Debug */ = {
			isa = XCBuildConfiguration;
			buildSettings = {
				ALWAYS_SEARCH_USER_PATHS = NO;
				CLANG_ANALYZER_NONNULL = YES;
				CLANG_ANALYZER_NUMBER_OBJECT_CONVERSION = YES_AGGRESSIVE;
				CLANG_CXX_LANGUAGE_STANDARD = "gnu++20";
				CLANG_ENABLE_MODULES = YES;
				CLANG_ENABLE_OBJC_ARC = YES;
				CLANG_ENABLE_OBJC_WEAK = YES;
				CLANG_WARN_BLOCK_CAPTURE_AUTORELEASING = YES;
				CLANG_WARN_BOOL_CONVERSION = YES;
				CLANG_WARN_COMMA = YES;
				CLANG_WARN_CONSTANT_CONVERSION = YES;
				CLANG_WARN_DEPRECATED_OBJC_IMPLEMENTATIONS = YES;
				CLANG_WARN_DIRECT_OBJC_ISA_USAGE = YES_ERROR;
				CLANG_WARN_DOCUMENTATION_COMMENTS = YES;
				CLANG_WARN_EMPTY_BODY = YES;
				CLANG_WARN_ENUM_CONVERSION = YES;
				CLANG_WARN_INFINITE_RECURSION = YES;
				CLANG_WARN_INT_CONVERSION = YES;
				CLANG_WARN_NON_LITERAL_NULL_CONVERSION = YES;
				CLANG_WARN_OBJC_IMPLICIT_RETAIN_SELF = YES;
				CLANG_WARN_OBJC_LITERAL_CONVERSION = YES;
				CLANG_WARN_OBJC_ROOT_CLASS = YES_ERROR;
				CLANG_WARN_QUOTED_INCLUDE_IN_FRAMEWORK_HEADER = YES;
				CLANG_WARN_RANGE_LOOP_ANALYSIS = YES;
				CLANG_WARN_STRICT_PROTOTYPES = YES;
				CLANG_WARN_SUSPICIOUS_MOVE = YES;
				CLANG_WARN_UNGUARDED_AVAILABILITY = YES_AGGRESSIVE;
				CLANG_WARN_UNREACHABLE_CODE = YES;
				CLANG_WARN__DUPLICATE_METHOD_MATCH = YES;
				COPY_PHASE_STRIP = NO;
				DEBUG_INFORMATION_FORMAT = dwarf;
				ENABLE_STRICT_OBJC_MSGSEND = YES;
				ENABLE_TESTABILITY = YES;
				GCC_C_LANGUAGE_STANDARD = gnu17;
				GCC_DYNAMIC_NO_PIC = NO;
				GCC_NO_COMMON_BLOCKS = YES;
				GCC_OPTIMIZATION_LEVEL = 0;
				GCC_PREPROCESSOR_DEFINITIONS = (
					"DEBUG=1",
					"$(inherited)",
				);
				GCC_WARN_64_TO_32_BIT_CONVERSION = YES;
				GCC_WARN_ABOUT_RETURN_TYPE = YES_ERROR;
				GCC_WARN_UNDECLARED_SELECTOR = YES;
				GCC_WARN_UNINITIALIZED_AUTOS = YES_AGGRESSIVE;
				GCC_WARN_UNUSED_FUNCTION = YES;
				GCC_WARN_UNUSED_VARIABLE = YES;
				MACOSX_DEPLOYMENT_TARGET = 14.0;
				MTL_ENABLE_DEBUG_INFO = INCLUDE_SOURCE;
				MTL_FAST_MATH = YES;
				ONLY_ACTIVE_ARCH = YES;
				SDKROOT = macosx;
				SWIFT_ACTIVE_COMPILATION_CONDITIONS = DEBUG;
				SWIFT_OPTIMIZATION_LEVEL = "-Onone";
			};
			name = Debug;
		};
		800000000000000000000002 /* Release */ = {
			isa = XCBuildConfiguration;
			buildSettings = {
				ALWAYS_SEARCH_USER_PATHS = NO;
				CLANG_ANALYZER_NONNULL = YES;
				CLANG_ANALYZER_NUMBER_OBJECT_CONVERSION = YES_AGGRESSIVE;
				CLANG_CXX_LANGUAGE_STANDARD = "gnu++20";
				CLANG_ENABLE_MODULES = YES;
				CLANG_ENABLE_OBJC_ARC = YES;
				CLANG_ENABLE_OBJC_WEAK = YES;
				CLANG_WARN_BLOCK_CAPTURE_AUTORELEASING = YES;
				CLANG_WARN_BOOL_CONVERSION = YES;
				CLANG_WARN_COMMA = YES;
				CLANG_WARN_CONSTANT_CONVERSION = YES;
				CLANG_WARN_DEPRECATED_OBJC_IMPLEMENTATIONS = YES;
				CLANG_WARN_DIRECT_OBJC_ISA_USAGE = YES_ERROR;
				CLANG_WARN_DOCUMENTATION_COMMENTS = YES;
				CLANG_WARN_EMPTY_BODY = YES;
				CLANG_WARN_ENUM_CONVERSION = YES;
				CLANG_WARN_INFINITE_RECURSION = YES;
				CLANG_WARN_INT_CONVERSION = YES;
				CLANG_WARN_NON_LITERAL_NULL_CONVERSION = YES;
				CLANG_WARN_OBJC_IMPLICIT_RETAIN_SELF = YES;
				CLANG_WARN_OBJC_LITERAL_CONVERSION = YES;
				CLANG_WARN_OBJC_ROOT_CLASS = YES_ERROR;
				CLANG_WARN_QUOTED_INCLUDE_IN_FRAMEWORK_HEADER = YES;
				CLANG_WARN_RANGE_LOOP_ANALYSIS = YES;
				CLANG_WARN_STRICT_PROTOTYPES = YES;
				CLANG_WARN_SUSPICIOUS_MOVE = YES;
				CLANG_WARN_UNGUARDED_AVAILABILITY = YES_AGGRESSIVE;
				CLANG_WARN_UNREACHABLE_CODE = YES;
				CLANG_WARN__DUPLICATE_METHOD_MATCH = YES;
				COPY_PHASE_STRIP = NO;
				DEBUG_INFORMATION_FORMAT = "dwarf-with-dsym";
				ENABLE_NS_ASSERTIONS = NO;
				ENABLE_STRICT_OBJC_MSGSEND = YES;
				GCC_C_LANGUAGE_STANDARD = gnu17;
				GCC_NO_COMMON_BLOCKS = YES;
				GCC_WARN_64_TO_32_BIT_CONVERSION = YES;
				GCC_WARN_ABOUT_RETURN_TYPE = YES_ERROR;
				GCC_WARN_UNDECLARED_SELECTOR = YES;
				GCC_WARN_UNINITIALIZED_AUTOS = YES_AGGRESSIVE;
				GCC_WARN_UNUSED_FUNCTION = YES;
				GCC_WARN_UNUSED_VARIABLE = YES;
				MACOSX_DEPLOYMENT_TARGET = 14.0;
				MTL_ENABLE_DEBUG_INFO = NO;
				MTL_FAST_MATH = YES;
				SDKROOT = macosx;
				SWIFT_COMPILATION_MODE = wholemodule;
			};
			name = Release;
		};
		800000000000000000000003 /* Debug */ = {
			isa = XCBuildConfiguration;
			buildSettings = {
				CODE_SIGN_ENTITLEMENTS = ClickMate/ClickMate.entitlements;
				"CODE_SIGN_IDENTITY[sdk=macosx*]" = "Apple Development";
				CODE_SIGN_STYLE = Manual;
				COMBINE_HIDPI_IMAGES = YES;
				DEVELOPMENT_TEAM = "";
				GENERATE_INFOPLIST_FILE = NO;
				INFOPLIST_FILE = ClickMate/Info.plist;
				LD_RUNPATH_SEARCH_PATHS = (
					"$(inherited)",
					"@executable_path/../Frameworks",
				);
				MACOSX_DEPLOYMENT_TARGET = 14.0;
				PRODUCT_BUNDLE_IDENTIFIER = com.zxacn.clickmate;
				PRODUCT_NAME = "$(TARGET_NAME)";
				PROVISIONING_PROFILE_SPECIFIER = "";
				SWIFT_EMIT_LOC_STRINGS = YES;
				SWIFT_VERSION = 6.0;
			};
			name = Debug;
		};
		800000000000000000000004 /* Release */ = {
			isa = XCBuildConfiguration;
			buildSettings = {
				CODE_SIGN_ENTITLEMENTS = ClickMate/ClickMate.entitlements;
				"CODE_SIGN_IDENTITY[sdk=macosx*]" = "Apple Development";
				CODE_SIGN_STYLE = Manual;
				COMBINE_HIDPI_IMAGES = YES;
				DEVELOPMENT_TEAM = "";
				GENERATE_INFOPLIST_FILE = NO;
				INFOPLIST_FILE = ClickMate/Info.plist;
				LD_RUNPATH_SEARCH_PATHS = (
					"$(inherited)",
					"@executable_path/../Frameworks",
				);
				MACOSX_DEPLOYMENT_TARGET = 14.0;
				PRODUCT_BUNDLE_IDENTIFIER = com.zxacn.clickmate;
				PRODUCT_NAME = "$(TARGET_NAME)";
				PROVISIONING_PROFILE_SPECIFIER = "";
				SWIFT_EMIT_LOC_STRINGS = YES;
				SWIFT_VERSION = 6.0;
			};
			name = Release;
		};
		800000000000000000000005 /* Debug */ = {
			isa = XCBuildConfiguration;
			buildSettings = {
				APPLICATION_EXTENSION_API_ONLY = YES;
				CODE_SIGN_ENTITLEMENTS = ClickMateFinderExtension/ClickMateFinderExtension.entitlements;
				CODE_SIGN_STYLE = Automatic;
				DEVELOPMENT_TEAM = AA8ZVDT74G;
				GENERATE_INFOPLIST_FILE = NO;
				INFOPLIST_FILE = ClickMateFinderExtension/Info.plist;
				LD_RUNPATH_SEARCH_PATHS = (
					"$(inherited)",
					"@executable_path/../Frameworks",
					"@executable_path/../../../../Frameworks",
				);
				MACOSX_DEPLOYMENT_TARGET = 14.0;
				PRODUCT_BUNDLE_IDENTIFIER = com.zxacn.clickmate.FinderExtension;
				PRODUCT_NAME = "$(TARGET_NAME)";
				SKIP_INSTALL = YES;
				SWIFT_VERSION = 6.0;
			};
			name = Debug;
		};
		800000000000000000000006 /* Release */ = {
			isa = XCBuildConfiguration;
			buildSettings = {
				APPLICATION_EXTENSION_API_ONLY = YES;
				CODE_SIGN_ENTITLEMENTS = ClickMateFinderExtension/ClickMateFinderExtension.entitlements;
				CODE_SIGN_STYLE = Automatic;
				DEVELOPMENT_TEAM = AA8ZVDT74G;
				GENERATE_INFOPLIST_FILE = NO;
				INFOPLIST_FILE = ClickMateFinderExtension/Info.plist;
				LD_RUNPATH_SEARCH_PATHS = (
					"$(inherited)",
					"@executable_path/../Frameworks",
					"@executable_path/../../../../Frameworks",
				);
				MACOSX_DEPLOYMENT_TARGET = 14.0;
				PRODUCT_BUNDLE_IDENTIFIER = com.zxacn.clickmate.FinderExtension;
				PRODUCT_NAME = "$(TARGET_NAME)";
				SKIP_INSTALL = YES;
				SWIFT_VERSION = 6.0;
			};
			name = Release;
		};
		800000000000000000000007 /* Debug */ = {
			isa = XCBuildConfiguration;
			buildSettings = {
				CODE_SIGN_STYLE = Automatic;
				GENERATE_INFOPLIST_FILE = YES;
				MACOSX_DEPLOYMENT_TARGET = 14.0;
				PRODUCT_BUNDLE_IDENTIFIER = com.zxacn.tests;
				PRODUCT_NAME = "$(TARGET_NAME)";
				SWIFT_VERSION = 6.0;
			};
			name = Debug;
		};
		800000000000000000000008 /* Release */ = {
			isa = XCBuildConfiguration;
			buildSettings = {
				CODE_SIGN_STYLE = Automatic;
				GENERATE_INFOPLIST_FILE = YES;
				MACOSX_DEPLOYMENT_TARGET = 14.0;
				PRODUCT_BUNDLE_IDENTIFIER = com.zxacn.tests;
				PRODUCT_NAME = "$(TARGET_NAME)";
				SWIFT_VERSION = 6.0;
			};
			name = Release;
		};
/* End XCBuildConfiguration section */

/* Begin XCConfigurationList section */
		700000000000000000000001 /* Build configuration list for PBXNativeTarget "ClickMate" */ = {
			isa = XCConfigurationList;
			buildConfigurations = (
				800000000000000000000003 /* Debug */,
				800000000000000000000004 /* Release */,
			);
			defaultConfigurationIsVisible = 0;
			defaultConfigurationName = Release;
		};
		700000000000000000000002 /* Build configuration list for PBXNativeTarget "ClickMateFinderExtension" */ = {
			isa = XCConfigurationList;
			buildConfigurations = (
				800000000000000000000005 /* Debug */,
				800000000000000000000006 /* Release */,
			);
			defaultConfigurationIsVisible = 0;
			defaultConfigurationName = Release;
		};
		700000000000000000000003 /* Build configuration list for PBXNativeTarget "ClickMateCoreTests" */ = {
			isa = XCConfigurationList;
			buildConfigurations = (
				800000000000000000000007 /* Debug */,
				800000000000000000000008 /* Release */,
			);
			defaultConfigurationIsVisible = 0;
			defaultConfigurationName = Release;
		};
		700000000000000000000004 /* Build configuration list for PBXProject "ClickMate" */ = {
			isa = XCConfigurationList;
			buildConfigurations = (
				800000000000000000000001 /* Debug */,
				800000000000000000000002 /* Release */,
			);
			defaultConfigurationIsVisible = 0;
			defaultConfigurationName = Release;
		};
/* End XCConfigurationList section */
	};
	rootObject = 500000000000000000000001 /* Project object */;
}
